
Microsoft Visual Studio Solution File, Format Version 12.00
# Visual Studio 2015
Project("{FAE04EC0-301F-11D3-BF4B-00C04F79EFBC}") = "UnityVS.AdvancedCoroutines.CSharp", "UnityVS.AdvancedCoroutines.CSharp.csproj", "{4789D9A1-9C7C-4551-3648-1365082B1E18}"
EndProject
Project("{FAE04EC0-301F-11D3-BF4B-00C04F79EFBC}") = "UnityVS.AdvancedCoroutines.CSharp.Editor", "UnityVS.AdvancedCoroutines.CSharp.Editor.csproj", "{715B0449-7627-BDEB-81F7-84954A4DF623}"
EndProject
Global
	GlobalSection(SolutionConfigurationPlatforms) = preSolution
		Debug|Any CPU = Debug|Any CPU
		Release|Any CPU = Release|Any CPU
	EndGlobalSection
	GlobalSection(ProjectConfigurationPlatforms) = postSolution
		{4789D9A1-9C7C-4551-3648-1365082B1E18}.Debug|Any CPU.ActiveCfg = Debug|Any CPU
		{4789D9A1-9C7C-4551-3648-1365082B1E18}.Debug|Any CPU.Build.0 = Debug|Any CPU
		{4789D9A1-9C7C-4551-3648-1365082B1E18}.Release|Any CPU.ActiveCfg = Release|Any CPU
		{4789D9A1-9C7C-4551-3648-1365082B1E18}.Release|Any CPU.Build.0 = Release|Any CPU
		{715B0449-7627-BDEB-81F7-84954A4DF623}.Debug|Any CPU.ActiveCfg = Debug|Any CPU
		{715B0449-7627-BDEB-81F7-84954A4DF623}.Debug|Any CPU.Build.0 = Debug|Any CPU
		{715B0449-7627-BDEB-81F7-84954A4DF623}.Release|Any CPU.ActiveCfg = Release|Any CPU
		{715B0449-7627-BDEB-81F7-84954A4DF623}.Release|Any CPU.Build.0 = Release|Any CPU
	EndGlobalSection
	GlobalSection(SolutionProperties) = preSolution
		HideSolutionNode = FALSE
	EndGlobalSection
EndGlobal
