
Microsoft Visual Studio Solution File, Format Version 12.00
# Visual Studio 2015
Project("{FAE04EC0-301F-11D3-BF4B-00C04F79EFBC}") = "UnityVS.Advanced Coroutines.CSharp", "UnityVS.Advanced Coroutines.CSharp.csproj", "{7952EC7B-7BDC-F4BD-4D85-5B9FFBAED8C7}"
EndProject
Project("{FAE04EC0-301F-11D3-BF4B-00C04F79EFBC}") = "UnityVS.Advanced Coroutines.CSharp.Editor", "UnityVS.Advanced Coroutines.CSharp.Editor.csproj", "{5BFC5A11-0C38-802F-7A3B-B9B807714306}"
EndProject
Project("{FAE04EC0-301F-11D3-BF4B-00C04F79EFBC}") = "AdvancedCoroutines.Test", "AdvancedCoroutinesTest\AdvancedCoroutines.Test\AdvancedCoroutines.Test.csproj", "{D42A3935-3411-4F92-BA1B-548A61F21BD2}"
EndProject
Global
	GlobalSection(SolutionConfigurationPlatforms) = preSolution
		Debug|Any CPU = Debug|Any CPU
		Release|Any CPU = Release|Any CPU
	EndGlobalSection
	GlobalSection(ProjectConfigurationPlatforms) = postSolution
		{7952EC7B-7BDC-F4BD-4D85-5B9FFBAED8C7}.Debug|Any CPU.ActiveCfg = Debug|Any CPU
		{7952EC7B-7BDC-F4BD-4D85-5B9FFBAED8C7}.Debug|Any CPU.Build.0 = Debug|Any CPU
		{7952EC7B-7BDC-F4BD-4D85-5B9FFBAED8C7}.Release|Any CPU.ActiveCfg = Release|Any CPU
		{7952EC7B-7BDC-F4BD-4D85-5B9FFBAED8C7}.Release|Any CPU.Build.0 = Release|Any CPU
		{5BFC5A11-0C38-802F-7A3B-B9B807714306}.Debug|Any CPU.ActiveCfg = Debug|Any CPU
		{5BFC5A11-0C38-802F-7A3B-B9B807714306}.Debug|Any CPU.Build.0 = Debug|Any CPU
		{5BFC5A11-0C38-802F-7A3B-B9B807714306}.Release|Any CPU.ActiveCfg = Release|Any CPU
		{5BFC5A11-0C38-802F-7A3B-B9B807714306}.Release|Any CPU.Build.0 = Release|Any CPU
		{D42A3935-3411-4F92-BA1B-548A61F21BD2}.Debug|Any CPU.ActiveCfg = Debug|Any CPU
		{D42A3935-3411-4F92-BA1B-548A61F21BD2}.Debug|Any CPU.Build.0 = Debug|Any CPU
		{D42A3935-3411-4F92-BA1B-548A61F21BD2}.Release|Any CPU.ActiveCfg = Release|Any CPU
		{D42A3935-3411-4F92-BA1B-548A61F21BD2}.Release|Any CPU.Build.0 = Release|Any CPU
	EndGlobalSection
	GlobalSection(SolutionProperties) = preSolution
		HideSolutionNode = FALSE
	EndGlobalSection
EndGlobal
